{
    "_meta": {
        "hash": {
            "sha256": "365b196e0d9479f2ba5ac78275ffb700047dbff968d6f5d77f7d4e99ca0da713"
        },
        "pipfile-spec": 6,
        "requires": {
            "python_version": "3.6"
        },
        "sources": [
            {
                "name": "pypi",
                "url": "https://pypi.org/simple",
                "verify_ssl": true
            }
        ]
    },
    "default": {
        "django-crispy-forms": {
            "hashes": [
                "sha256:50032184708ce351e3c9f0008ac35d659d9d5973fa2db218066f2e0a76eb41d9",
                "sha256:67e73ac863d3159500029fbbcdcb788f287a3fd357becebc1a0b51f73896dce3"
            ],
            "index": "pypi",
            "version": "==1.9.0"
        },
        "gunicorn": {
            "hashes": [
                "sha256:1904bb2b8a43658807108d59c3f3d56c2b6121a701161de0ddf9ad140073c626",
                "sha256:cd4a810dd51bf497552cf3f863b575dabd73d6ad6a91075b65936b151cbf4f9c"
            ],
            "index": "pypi",
            "version": "==20.0.4"
        }
    },
    "develop": {}
}
